
Microsoft Visual Studio Solution File, Format Version 12.00
# Visual Studio Version 17
VisualStudioVersion = 17.5.33530.505
MinimumVisualStudioVersion = 10.0.40219.1
Project("{9A19103F-16F7-4668-BE54-9A1E7A4F7556}") = "TextFileCalculatorTest", "TextFileCalculatorTest\TextFileCalculatorTest.csproj", "{BA91ECA5-8A09-4F99-A2D8-6114FCA2AFFB}"
EndProject
Project("{FAE04EC0-301F-11D3-BF4B-00C04F79EFBC}") = "TextFileCalculator", "TextFileCalculator\TextFileCalculator.csproj", "{0D860D7E-F3ED-43AF-8C37-BC97BE1685EF}"
EndProject
Global
	GlobalSection(SolutionConfigurationPlatforms) = preSolution
		Debug|Any CPU = Debug|Any CPU
		Release|Any CPU = Release|Any CPU
	EndGlobalSection
	GlobalSection(ProjectConfigurationPlatforms) = postSolution
		{BA91ECA5-8A09-4F99-A2D8-6114FCA2AFFB}.Debug|Any CPU.ActiveCfg = Debug|Any CPU
		{BA91ECA5-8A09-4F99-A2D8-6114FCA2AFFB}.Debug|Any CPU.Build.0 = Debug|Any CPU
		{BA91ECA5-8A09-4F99-A2D8-6114FCA2AFFB}.Release|Any CPU.ActiveCfg = Release|Any CPU
		{BA91ECA5-8A09-4F99-A2D8-6114FCA2AFFB}.Release|Any CPU.Build.0 = Release|Any CPU
		{0D860D7E-F3ED-43AF-8C37-BC97BE1685EF}.Debug|Any CPU.ActiveCfg = Debug|Any CPU
		{0D860D7E-F3ED-43AF-8C37-BC97BE1685EF}.Debug|Any CPU.Build.0 = Debug|Any CPU
		{0D860D7E-F3ED-43AF-8C37-BC97BE1685EF}.Release|Any CPU.ActiveCfg = Release|Any CPU
		{0D860D7E-F3ED-43AF-8C37-BC97BE1685EF}.Release|Any CPU.Build.0 = Release|Any CPU
	EndGlobalSection
	GlobalSection(SolutionProperties) = preSolution
		HideSolutionNode = FALSE
	EndGlobalSection
	GlobalSection(ExtensibilityGlobals) = postSolution
		SolutionGuid = {AC5B5F56-0E5D-4B1D-AA4F-157C3F779E4B}
	EndGlobalSection
EndGlobal
